// !$*UTF8*$!
{
	archiveVersion = 1;
	classes = {
	};
	objectVersion = 52;
	objects = {

/* Begin PBXBuildFile section */
		115066FD26EEB75B002EA8F5 /* NetworkLoader.swift in Sources */ = {isa = PBXBuildFile; fileRef = 115066FC26EEB75B002EA8F5 /* NetworkLoader.swift */; };
		1150670026EED9E6002EA8F5 /* IQKeyboardManagerSwift in Frameworks */ = {isa = PBXBuildFile; productRef = 115066FF26EED9E6002EA8F5 /* IQKeyboardManagerSwift */; };
		117FFC1226EEA06D00ADC9F3 /* ShortUrl.xcdatamodeld in Sources */ = {isa = PBXBuildFile; fileRef = 117FFC1026EEA06D00ADC9F3 /* ShortUrl.xcdatamodeld */; };
		119F676926EF862200BD81DB /* ResultViewModelTest.swift in Sources */ = {isa = PBXBuildFile; fileRef = 119F676826EF862200BD81DB /* ResultViewModelTest.swift */; };
		119F676C26EFAB6400BD81DB /* ActivityIndicator in Frameworks */ = {isa = PBXBuildFile; productRef = 119F676B26EFAB6400BD81DB /* ActivityIndicator */; };
		11B1307026E93C2C00A5EA25 /* AppDelegate.swift in Sources */ = {isa = PBXBuildFile; fileRef = 11B1306F26E93C2C00A5EA25 /* AppDelegate.swift */; };
		11B1307226E93C2C00A5EA25 /* SceneDelegate.swift in Sources */ = {isa = PBXBuildFile; fileRef = 11B1307126E93C2C00A5EA25 /* SceneDelegate.swift */; };
		11B1307426E93C2C00A5EA25 /* ViewController.swift in Sources */ = {isa = PBXBuildFile; fileRef = 11B1307326E93C2C00A5EA25 /* ViewController.swift */; };
		11B1307726E93C2C00A5EA25 /* Main.storyboard in Resources */ = {isa = PBXBuildFile; fileRef = 11B1307526E93C2C00A5EA25 /* Main.storyboard */; };
		11B1307926E93C2D00A5EA25 /* Assets.xcassets in Resources */ = {isa = PBXBuildFile; fileRef = 11B1307826E93C2D00A5EA25 /* Assets.xcassets */; };
		11B1307C26E93C2D00A5EA25 /* LaunchScreen.storyboard in Resources */ = {isa = PBXBuildFile; fileRef = 11B1307A26E93C2D00A5EA25 /* LaunchScreen.storyboard */; };
		11B1308526E93C5400A5EA25 /* Colors.xcassets in Resources */ = {isa = PBXBuildFile; fileRef = 11B1308426E93C5400A5EA25 /* Colors.xcassets */; };
		11B1308B26E94FC300A5EA25 /* welcomeView.swift in Sources */ = {isa = PBXBuildFile; fileRef = 11B1308A26E94FC300A5EA25 /* welcomeView.swift */; };
		11B1308D26E955A000A5EA25 /* ResultView.swift in Sources */ = {isa = PBXBuildFile; fileRef = 11B1308C26E955A000A5EA25 /* ResultView.swift */; };
		11B1308F26E95A8100A5EA25 /* ResultsTableViewCell.swift in Sources */ = {isa = PBXBuildFile; fileRef = 11B1308E26E95A8100A5EA25 /* ResultsTableViewCell.swift */; };
		11B1309126EA4CDB00A5EA25 /* ShortenResult.swift in Sources */ = {isa = PBXBuildFile; fileRef = 11B1309026EA4CDB00A5EA25 /* ShortenResult.swift */; };
		11B1309326EA4FFE00A5EA25 /* ResultViewModel.swift in Sources */ = {isa = PBXBuildFile; fileRef = 11B1309226EA4FFE00A5EA25 /* ResultViewModel.swift */; };
/* End PBXBuildFile section */

/* Begin PBXContainerItemProxy section */
		119F676226EF85E400BD81DB /* PBXContainerItemProxy */ = {
			isa = PBXContainerItemProxy;
			containerPortal = 11B1306426E93C2C00A5EA25 /* Project object */;
			proxyType = 1;
			remoteGlobalIDString = 11B1306B26E93C2C00A5EA25;
			remoteInfo = "shortly-app-pcqaxx";
		};
/* End PBXContainerItemProxy section */

/* Begin PBXFileReference section */
		115066FC26EEB75B002EA8F5 /* NetworkLoader.swift */ = {isa = PBXFileReference; lastKnownFileType = sourcecode.swift; path = NetworkLoader.swift; sourceTree = "<group>"; };
		117FFC1126EEA06D00ADC9F3 /* ShortUrl.xcdatamodel */ = {isa = PBXFileReference; lastKnownFileType = wrapper.xcdatamodel; path = ShortUrl.xcdatamodel; sourceTree = "<group>"; };
		119F675D26EF85E400BD81DB /* shortly-app-pcqaxxTests.xctest */ = {isa = PBXFileReference; explicitFileType = wrapper.cfbundle; includeInIndex = 0; path = "shortly-app-pcqaxxTests.xctest"; sourceTree = BUILT_PRODUCTS_DIR; };
		119F676126EF85E400BD81DB /* Info.plist */ = {isa = PBXFileReference; lastKnownFileType = text.plist.xml; path = Info.plist; sourceTree = "<group>"; };
		119F676726EF862200BD81DB /* shortly-app-pcqaxxTests-Bridging-Header.h */ = {isa = PBXFileReference; lastKnownFileType = sourcecode.c.h; path = "shortly-app-pcqaxxTests-Bridging-Header.h"; sourceTree = "<group>"; };
		119F676826EF862200BD81DB /* ResultViewModelTest.swift */ = {isa = PBXFileReference; lastKnownFileType = sourcecode.swift; path = ResultViewModelTest.swift; sourceTree = "<group>"; };
		119F676D26EFBF3E00BD81DB /* Poppins-SemiBold.ttf */ = {isa = PBXFileReference; lastKnownFileType = file; path = "Poppins-SemiBold.ttf"; sourceTree = "<group>"; };
		119F676E26EFBF3E00BD81DB /* Poppins-ExtraBold.ttf */ = {isa = PBXFileReference; lastKnownFileType = file; path = "Poppins-ExtraBold.ttf"; sourceTree = "<group>"; };
		119F676F26EFBF3E00BD81DB /* Poppins-Italic.ttf */ = {isa = PBXFileReference; lastKnownFileType = file; path = "Poppins-Italic.ttf"; sourceTree = "<group>"; };
		119F677026EFBF3E00BD81DB /* Poppins-MediumItalic.ttf */ = {isa = PBXFileReference; lastKnownFileType = file; path = "Poppins-MediumItalic.ttf"; sourceTree = "<group>"; };
		119F677126EFBF3E00BD81DB /* Poppins-SemiBoldItalic.ttf */ = {isa = PBXFileReference; lastKnownFileType = file; path = "Poppins-SemiBoldItalic.ttf"; sourceTree = "<group>"; };
		119F677226EFBF3E00BD81DB /* Poppins-Black.ttf */ = {isa = PBXFileReference; lastKnownFileType = file; path = "Poppins-Black.ttf"; sourceTree = "<group>"; };
		119F677326EFBF3E00BD81DB /* Poppins-Light.ttf */ = {isa = PBXFileReference; lastKnownFileType = file; path = "Poppins-Light.ttf"; sourceTree = "<group>"; };
		119F677426EFBF3E00BD81DB /* Poppins-ExtraBoldItalic.ttf */ = {isa = PBXFileReference; lastKnownFileType = file; path = "Poppins-ExtraBoldItalic.ttf"; sourceTree = "<group>"; };
		119F677526EFBF3E00BD81DB /* Poppins-ThinItalic.ttf */ = {isa = PBXFileReference; lastKnownFileType = file; path = "Poppins-ThinItalic.ttf"; sourceTree = "<group>"; };
		119F677626EFBF3F00BD81DB /* Poppins-BoldItalic.ttf */ = {isa = PBXFileReference; lastKnownFileType = file; path = "Poppins-BoldItalic.ttf"; sourceTree = "<group>"; };
		119F677726EFBF3F00BD81DB /* Poppins-ExtraLightItalic.ttf */ = {isa = PBXFileReference; lastKnownFileType = file; path = "Poppins-ExtraLightItalic.ttf"; sourceTree = "<group>"; };
		119F677826EFBF3F00BD81DB /* Poppins-Medium.ttf */ = {isa = PBXFileReference; lastKnownFileType = file; path = "Poppins-Medium.ttf"; sourceTree = "<group>"; };
		119F677926EFBF3F00BD81DB /* Poppins-Bold.ttf */ = {isa = PBXFileReference; lastKnownFileType = file; path = "Poppins-Bold.ttf"; sourceTree = "<group>"; };
		119F677A26EFBF3F00BD81DB /* Poppins-LightItalic.ttf */ = {isa = PBXFileReference; lastKnownFileType = file; path = "Poppins-LightItalic.ttf"; sourceTree = "<group>"; };
		119F677B26EFBF3F00BD81DB /* Poppins-Regular.ttf */ = {isa = PBXFileReference; lastKnownFileType = file; path = "Poppins-Regular.ttf"; sourceTree = "<group>"; };
		119F677C26EFBF3F00BD81DB /* Poppins-BlackItalic.ttf */ = {isa = PBXFileReference; lastKnownFileType = file; path = "Poppins-BlackItalic.ttf"; sourceTree = "<group>"; };
		119F677D26EFBF3F00BD81DB /* Poppins-Thin.ttf */ = {isa = PBXFileReference; lastKnownFileType = file; path = "Poppins-Thin.ttf"; sourceTree = "<group>"; };
		119F677E26EFBF3F00BD81DB /* Poppins-ExtraLight.ttf */ = {isa = PBXFileReference; lastKnownFileType = file; path = "Poppins-ExtraLight.ttf"; sourceTree = "<group>"; };
		11B1306C26E93C2C00A5EA25 /* shortly-app-pcqaxx.app */ = {isa = PBXFileReference; explicitFileType = wrapper.application; includeInIndex = 0; path = "shortly-app-pcqaxx.app"; sourceTree = BUILT_PRODUCTS_DIR; };
		11B1306F26E93C2C00A5EA25 /* AppDelegate.swift */ = {isa = PBXFileReference; lastKnownFileType = sourcecode.swift; path = AppDelegate.swift; sourceTree = "<group>"; };
		11B1307126E93C2C00A5EA25 /* SceneDelegate.swift */ = {isa = PBXFileReference; lastKnownFileType = sourcecode.swift; path = SceneDelegate.swift; sourceTree = "<group>"; };
		11B1307326E93C2C00A5EA25 /* ViewController.swift */ = {isa = PBXFileReference; lastKnownFileType = sourcecode.swift; path = ViewController.swift; sourceTree = "<group>"; };
		11B1307626E93C2C00A5EA25 /* Base */ = {isa = PBXFileReference; lastKnownFileType = file.storyboard; name = Base; path = Base.lproj/Main.storyboard; sourceTree = "<group>"; };
		11B1307826E93C2D00A5EA25 /* Assets.xcassets */ = {isa = PBXFileReference; lastKnownFileType = folder.assetcatalog; path = Assets.xcassets; sourceTree = "<group>"; };
		11B1307B26E93C2D00A5EA25 /* Base */ = {isa = PBXFileReference; lastKnownFileType = file.storyboard; name = Base; path = Base.lproj/LaunchScreen.storyboard; sourceTree = "<group>"; };
		11B1307D26E93C2D00A5EA25 /* Info.plist */ = {isa = PBXFileReference; lastKnownFileType = text.plist.xml; path = Info.plist; sourceTree = "<group>"; };
		11B1308426E93C5400A5EA25 /* Colors.xcassets */ = {isa = PBXFileReference; lastKnownFileType = folder.assetcatalog; path = Colors.xcassets; sourceTree = "<group>"; };
		11B1308A26E94FC300A5EA25 /* welcomeView.swift */ = {isa = PBXFileReference; lastKnownFileType = sourcecode.swift; path = welcomeView.swift; sourceTree = "<group>"; };
		11B1308C26E955A000A5EA25 /* ResultView.swift */ = {isa = PBXFileReference; lastKnownFileType = sourcecode.swift; path = ResultView.swift; sourceTree = "<group>"; };
		11B1308E26E95A8100A5EA25 /* ResultsTableViewCell.swift */ = {isa = PBXFileReference; lastKnownFileType = sourcecode.swift; path = ResultsTableViewCell.swift; sourceTree = "<group>"; };
		11B1309026EA4CDB00A5EA25 /* ShortenResult.swift */ = {isa = PBXFileReference; lastKnownFileType = sourcecode.swift; path = ShortenResult.swift; sourceTree = "<group>"; };
		11B1309226EA4FFE00A5EA25 /* ResultViewModel.swift */ = {isa = PBXFileReference; lastKnownFileType = sourcecode.swift; path = ResultViewModel.swift; sourceTree = "<group>"; };
/* End PBXFileReference section */

/* Begin PBXFrameworksBuildPhase section */
		119F675A26EF85E400BD81DB /* Frameworks */ = {
			isa = PBXFrameworksBuildPhase;
			buildActionMask = 2147483647;
			files = (
			);
			runOnlyForDeploymentPostprocessing = 0;
		};
		11B1306926E93C2C00A5EA25 /* Frameworks */ = {
			isa = PBXFrameworksBuildPhase;
			buildActionMask = 2147483647;
			files = (
				1150670026EED9E6002EA8F5 /* IQKeyboardManagerSwift in Frameworks */,
				119F676C26EFAB6400BD81DB /* ActivityIndicator in Frameworks */,
			);
			runOnlyForDeploymentPostprocessing = 0;
		};
/* End PBXFrameworksBuildPhase section */

/* Begin PBXGroup section */
		115066FB26EEB748002EA8F5 /* Network */ = {
			isa = PBXGroup;
			children = (
				115066FC26EEB75B002EA8F5 /* NetworkLoader.swift */,
			);
			path = Network;
			sourceTree = "<group>";
		};
		119F675E26EF85E400BD81DB /* shortly-app-pcqaxxTests */ = {
			isa = PBXGroup;
			children = (
				119F676126EF85E400BD81DB /* Info.plist */,
				119F676826EF862200BD81DB /* ResultViewModelTest.swift */,
				119F676726EF862200BD81DB /* shortly-app-pcqaxxTests-Bridging-Header.h */,
			);
			path = "shortly-app-pcqaxxTests";
			sourceTree = "<group>";
		};
		11B1306326E93C2C00A5EA25 = {
			isa = PBXGroup;
			children = (
				11B1306E26E93C2C00A5EA25 /* shortly-app-pcqaxx */,
				119F675E26EF85E400BD81DB /* shortly-app-pcqaxxTests */,
				11B1306D26E93C2C00A5EA25 /* Products */,
			);
			sourceTree = "<group>";
		};
		11B1306D26E93C2C00A5EA25 /* Products */ = {
			isa = PBXGroup;
			children = (
				11B1306C26E93C2C00A5EA25 /* shortly-app-pcqaxx.app */,
				119F675D26EF85E400BD81DB /* shortly-app-pcqaxxTests.xctest */,
			);
			name = Products;
			sourceTree = "<group>";
		};
		11B1306E26E93C2C00A5EA25 /* shortly-app-pcqaxx */ = {
			isa = PBXGroup;
			children = (
				115066FB26EEB748002EA8F5 /* Network */,
				11B1308926E93EC900A5EA25 /* ViewModels */,
				11B1308826E93EC200A5EA25 /* Models */,
				11B1308726E93EAA00A5EA25 /* Views */,
				11B1308626E93E9700A5EA25 /* App */,
				11B1308326E93C4000A5EA25 /* Assets */,
				11B1307D26E93C2D00A5EA25 /* Info.plist */,
			);
			path = "shortly-app-pcqaxx";
			sourceTree = "<group>";
		};
		11B1308326E93C4000A5EA25 /* Assets */ = {
			isa = PBXGroup;
			children = (
				119F677226EFBF3E00BD81DB /* Poppins-Black.ttf */,
				119F677C26EFBF3F00BD81DB /* Poppins-BlackItalic.ttf */,
				119F677926EFBF3F00BD81DB /* Poppins-Bold.ttf */,
				119F677626EFBF3F00BD81DB /* Poppins-BoldItalic.ttf */,
				119F676E26EFBF3E00BD81DB /* Poppins-ExtraBold.ttf */,
				119F677426EFBF3E00BD81DB /* Poppins-ExtraBoldItalic.ttf */,
				119F677E26EFBF3F00BD81DB /* Poppins-ExtraLight.ttf */,
				119F677726EFBF3F00BD81DB /* Poppins-ExtraLightItalic.ttf */,
				119F676F26EFBF3E00BD81DB /* Poppins-Italic.ttf */,
				119F677326EFBF3E00BD81DB /* Poppins-Light.ttf */,
				119F677A26EFBF3F00BD81DB /* Poppins-LightItalic.ttf */,
				119F677826EFBF3F00BD81DB /* Poppins-Medium.ttf */,
				119F677026EFBF3E00BD81DB /* Poppins-MediumItalic.ttf */,
				119F677B26EFBF3F00BD81DB /* Poppins-Regular.ttf */,
				119F676D26EFBF3E00BD81DB /* Poppins-SemiBold.ttf */,
				119F677126EFBF3E00BD81DB /* Poppins-SemiBoldItalic.ttf */,
				119F677D26EFBF3F00BD81DB /* Poppins-Thin.ttf */,
				119F677526EFBF3E00BD81DB /* Poppins-ThinItalic.ttf */,
				11B1307826E93C2D00A5EA25 /* Assets.xcassets */,
				11B1308426E93C5400A5EA25 /* Colors.xcassets */,
			);
			path = Assets;
			sourceTree = "<group>";
		};
		11B1308626E93E9700A5EA25 /* App */ = {
			isa = PBXGroup;
			children = (
				11B1306F26E93C2C00A5EA25 /* AppDelegate.swift */,
				11B1307126E93C2C00A5EA25 /* SceneDelegate.swift */,
			);
			path = App;
			sourceTree = "<group>";
		};
		11B1308726E93EAA00A5EA25 /* Views */ = {
			isa = PBXGroup;
			children = (
				11B1307A26E93C2D00A5EA25 /* LaunchScreen.storyboard */,
				11B1307326E93C2C00A5EA25 /* ViewController.swift */,
				11B1307526E93C2C00A5EA25 /* Main.storyboard */,
				11B1308A26E94FC300A5EA25 /* welcomeView.swift */,
				11B1308C26E955A000A5EA25 /* ResultView.swift */,
				11B1308E26E95A8100A5EA25 /* ResultsTableViewCell.swift */,
			);
			path = Views;
			sourceTree = "<group>";
		};
		11B1308826E93EC200A5EA25 /* Models */ = {
			isa = PBXGroup;
			children = (
				11B1309026EA4CDB00A5EA25 /* ShortenResult.swift */,
				117FFC1026EEA06D00ADC9F3 /* ShortUrl.xcdatamodeld */,
			);
			path = Models;
			sourceTree = "<group>";
		};
		11B1308926E93EC900A5EA25 /* ViewModels */ = {
			isa = PBXGroup;
			children = (
				11B1309226EA4FFE00A5EA25 /* ResultViewModel.swift */,
			);
			path = ViewModels;
			sourceTree = "<group>";
		};
/* End PBXGroup section */

/* Begin PBXNativeTarget section */
		119F675C26EF85E400BD81DB /* shortly-app-pcqaxxTests */ = {
			isa = PBXNativeTarget;
			buildConfigurationList = 119F676626EF85E400BD81DB /* Build configuration list for PBXNativeTarget "shortly-app-pcqaxxTests" */;
			buildPhases = (
				119F675926EF85E400BD81DB /* Sources */,
				119F675A26EF85E400BD81DB /* Frameworks */,
				119F675B26EF85E400BD81DB /* Resources */,
			);
			buildRules = (
			);
			dependencies = (
				119F676326EF85E400BD81DB /* PBXTargetDependency */,
			);
			name = "shortly-app-pcqaxxTests";
			productName = "shortly-app-pcqaxxTests";
			productReference = 119F675D26EF85E400BD81DB /* shortly-app-pcqaxxTests.xctest */;
			productType = "com.apple.product-type.bundle.unit-test";
		};
		11B1306B26E93C2C00A5EA25 /* shortly-app-pcqaxx */ = {
			isa = PBXNativeTarget;
			buildConfigurationList = 11B1308026E93C2D00A5EA25 /* Build configuration list for PBXNativeTarget "shortly-app-pcqaxx" */;
			buildPhases = (
				11B1306826E93C2C00A5EA25 /* Sources */,
				11B1306926E93C2C00A5EA25 /* Frameworks */,
				11B1306A26E93C2C00A5EA25 /* Resources */,
			);
			buildRules = (
			);
			dependencies = (
			);
			name = "shortly-app-pcqaxx";
			packageProductDependencies = (
				115066FF26EED9E6002EA8F5 /* IQKeyboardManagerSwift */,
				119F676B26EFAB6400BD81DB /* ActivityIndicator */,
			);
			productName = "shortly-app-pcqaxx";
			productReference = 11B1306C26E93C2C00A5EA25 /* shortly-app-pcqaxx.app */;
			productType = "com.apple.product-type.application";
		};
/* End PBXNativeTarget section */

/* Begin PBXProject section */
		11B1306426E93C2C00A5EA25 /* Project object */ = {
			isa = PBXProject;
			attributes = {
				LastSwiftUpdateCheck = 1250;
				LastUpgradeCheck = 1250;
				TargetAttributes = {
					119F675C26EF85E400BD81DB = {
						CreatedOnToolsVersion = 12.5.1;
						LastSwiftMigration = 1250;
						TestTargetID = 11B1306B26E93C2C00A5EA25;
					};
					11B1306B26E93C2C00A5EA25 = {
						CreatedOnToolsVersion = 12.5.1;
					};
				};
			};
			buildConfigurationList = 11B1306726E93C2C00A5EA25 /* Build configuration list for PBXProject "shortly-app-pcqaxx" */;
			compatibilityVersion = "Xcode 9.3";
			developmentRegion = en;
			hasScannedForEncodings = 0;
			knownRegions = (
				en,
				Base,
			);
			mainGroup = 11B1306326E93C2C00A5EA25;
			packageReferences = (
				115066FE26EED9E6002EA8F5 /* XCRemoteSwiftPackageReference "IQKeyboardManager" */,
				119F676A26EFAB6400BD81DB /* XCRemoteSwiftPackageReference "ActivityIndicator" */,
			);
			productRefGroup = 11B1306D26E93C2C00A5EA25 /* Products */;
			projectDirPath = "";
			projectRoot = "";
			targets = (
				11B1306B26E93C2C00A5EA25 /* shortly-app-pcqaxx */,
				119F675C26EF85E400BD81DB /* shortly-app-pcqaxxTests */,
			);
		};
/* End PBXProject section */

/* Begin PBXResourcesBuildPhase section */
		119F675B26EF85E400BD81DB /* Resources */ = {
			isa = PBXResourcesBuildPhase;
			buildActionMask = 2147483647;
			files = (
			);
			runOnlyForDeploymentPostprocessing = 0;
		};
		11B1306A26E93C2C00A5EA25 /* Resources */ = {
			isa = PBXResourcesBuildPhase;
			buildActionMask = 2147483647;
			files = (
				11B1307C26E93C2D00A5EA25 /* LaunchScreen.storyboard in Resources */,
				11B1308526E93C5400A5EA25 /* Colors.xcassets in Resources */,
				11B1307926E93C2D00A5EA25 /* Assets.xcassets in Resources */,
				11B1307726E93C2C00A5EA25 /* Main.storyboard in Resources */,
			);
			runOnlyForDeploymentPostprocessing = 0;
		};
/* End PBXResourcesBuildPhase section */

/* Begin PBXSourcesBuildPhase section */
		119F675926EF85E400BD81DB /* Sources */ = {
			isa = PBXSourcesBuildPhase;
			buildActionMask = 2147483647;
			files = (
				119F676926EF862200BD81DB /* ResultViewModelTest.swift in Sources */,
			);
			runOnlyForDeploymentPostprocessing = 0;
		};
		11B1306826E93C2C00A5EA25 /* Sources */ = {
			isa = PBXSourcesBuildPhase;
			buildActionMask = 2147483647;
			files = (
				115066FD26EEB75B002EA8F5 /* NetworkLoader.swift in Sources */,
				11B1307426E93C2C00A5EA25 /* ViewController.swift in Sources */,
				11B1309126EA4CDB00A5EA25 /* ShortenResult.swift in Sources */,
				11B1307026E93C2C00A5EA25 /* AppDelegate.swift in Sources */,
				11B1309326EA4FFE00A5EA25 /* ResultViewModel.swift in Sources */,
				117FFC1226EEA06D00ADC9F3 /* ShortUrl.xcdatamodeld in Sources */,
				11B1308F26E95A8100A5EA25 /* ResultsTableViewCell.swift in Sources */,
				11B1308D26E955A000A5EA25 /* ResultView.swift in Sources */,
				11B1307226E93C2C00A5EA25 /* SceneDelegate.swift in Sources */,
				11B1308B26E94FC300A5EA25 /* welcomeView.swift in Sources */,
			);
			runOnlyForDeploymentPostprocessing = 0;
		};
/* End PBXSourcesBuildPhase section */

/* Begin PBXTargetDependency section */
		119F676326EF85E400BD81DB /* PBXTargetDependency */ = {
			isa = PBXTargetDependency;
			target = 11B1306B26E93C2C00A5EA25 /* shortly-app-pcqaxx */;
			targetProxy = 119F676226EF85E400BD81DB /* PBXContainerItemProxy */;
		};
/* End PBXTargetDependency section */

/* Begin PBXVariantGroup section */
		11B1307526E93C2C00A5EA25 /* Main.storyboard */ = {
			isa = PBXVariantGroup;
			children = (
				11B1307626E93C2C00A5EA25 /* Base */,
			);
			name = Main.storyboard;
			sourceTree = "<group>";
		};
		11B1307A26E93C2D00A5EA25 /* LaunchScreen.storyboard */ = {
			isa = PBXVariantGroup;
			children = (
				11B1307B26E93C2D00A5EA25 /* Base */,
			);
			name = LaunchScreen.storyboard;
			sourceTree = "<group>";
		};
/* End PBXVariantGroup section */

/* Begin XCBuildConfiguration section */
		119F676426EF85E400BD81DB /* Debug */ = {
			isa = XCBuildConfiguration;
			buildSettings = {
				BUNDLE_LOADER = "$(TEST_HOST)";
				CLANG_ENABLE_MODULES = YES;
				CODE_SIGN_STYLE = Automatic;
				DEVELOPMENT_TEAM = ZS8BG3AB6Y;
				INFOPLIST_FILE = "shortly-app-pcqaxxTests/Info.plist";
				LD_RUNPATH_SEARCH_PATHS = (
					"$(inherited)",
					"@executable_path/Frameworks",
					"@loader_path/Frameworks",
				);
				PRODUCT_BUNDLE_IDENTIFIER = "com.kjoe.shortly-app-pcqaxxTests";
				PRODUCT_NAME = "$(TARGET_NAME)";
				SWIFT_OBJC_BRIDGING_HEADER = "shortly-app-pcqaxxTests/shortly-app-pcqaxxTests-Bridging-Header.h";
				SWIFT_OPTIMIZATION_LEVEL = "-Onone";
				SWIFT_VERSION = 5.0;
				TARGETED_DEVICE_FAMILY = "1,2";
				TEST_HOST = "$(BUILT_PRODUCTS_DIR)/shortly-app-pcqaxx.app/shortly-app-pcqaxx";
			};
			name = Debug;
		};
		119F676526EF85E400BD81DB /* Release */ = {
			isa = XCBuildConfiguration;
			buildSettings = {
				BUNDLE_LOADER = "$(TEST_HOST)";
				CLANG_ENABLE_MODULES = YES;
				CODE_SIGN_STYLE = Automatic;
				DEVELOPMENT_TEAM = ZS8BG3AB6Y;
				INFOPLIST_FILE = "shortly-app-pcqaxxTests/Info.plist";
				LD_RUNPATH_SEARCH_PATHS = (
					"$(inherited)",
					"@executable_path/Frameworks",
					"@loader_path/Frameworks",
				);
				PRODUCT_BUNDLE_IDENTIFIER = "com.kjoe.shortly-app-pcqaxxTests";
				PRODUCT_NAME = "$(TARGET_NAME)";
				SWIFT_OBJC_BRIDGING_HEADER = "shortly-app-pcqaxxTests/shortly-app-pcqaxxTests-Bridging-Header.h";
				SWIFT_VERSION = 5.0;
				TARGETED_DEVICE_FAMILY = "1,2";
				TEST_HOST = "$(BUILT_PRODUCTS_DIR)/shortly-app-pcqaxx.app/shortly-app-pcqaxx";
			};
			name = Release;
		};
		11B1307E26E93C2D00A5EA25 /* Debug */ = {
			isa = XCBuildConfiguration;
			buildSettings = {
				ALWAYS_SEARCH_USER_PATHS = NO;
				CLANG_ANALYZER_NONNULL = YES;
				CLANG_ANALYZER_NUMBER_OBJECT_CONVERSION = YES_AGGRESSIVE;
				CLANG_CXX_LANGUAGE_STANDARD = "gnu++14";
				CLANG_CXX_LIBRARY = "libc++";
				CLANG_ENABLE_MODULES = YES;
				CLANG_ENABLE_OBJC_ARC = YES;
				CLANG_ENABLE_OBJC_WEAK = YES;
				CLANG_WARN_BLOCK_CAPTURE_AUTORELEASING = YES;
				CLANG_WARN_BOOL_CONVERSION = YES;
				CLANG_WARN_COMMA = YES;
				CLANG_WARN_CONSTANT_CONVERSION = YES;
				CLANG_WARN_DEPRECATED_OBJC_IMPLEMENTATIONS = YES;
				CLANG_WARN_DIRECT_OBJC_ISA_USAGE = YES_ERROR;
				CLANG_WARN_DOCUMENTATION_COMMENTS = YES;
				CLANG_WARN_EMPTY_BODY = YES;
				CLANG_WARN_ENUM_CONVERSION = YES;
				CLANG_WARN_INFINITE_RECURSION = YES;
				CLANG_WARN_INT_CONVERSION = YES;
				CLANG_WARN_NON_LITERAL_NULL_CONVERSION = YES;
				CLANG_WARN_OBJC_IMPLICIT_RETAIN_SELF = YES;
				CLANG_WARN_OBJC_LITERAL_CONVERSION = YES;
				CLANG_WARN_OBJC_ROOT_CLASS = YES_ERROR;
				CLANG_WARN_QUOTED_INCLUDE_IN_FRAMEWORK_HEADER = YES;
				CLANG_WARN_RANGE_LOOP_ANALYSIS = YES;
				CLANG_WARN_STRICT_PROTOTYPES = YES;
				CLANG_WARN_SUSPICIOUS_MOVE = YES;
				CLANG_WARN_UNGUARDED_AVAILABILITY = YES_AGGRESSIVE;
				CLANG_WARN_UNREACHABLE_CODE = YES;
				CLANG_WARN__DUPLICATE_METHOD_MATCH = YES;
				COPY_PHASE_STRIP = NO;
				DEBUG_INFORMATION_FORMAT = dwarf;
				ENABLE_STRICT_OBJC_MSGSEND = YES;
				ENABLE_TESTABILITY = YES;
				GCC_C_LANGUAGE_STANDARD = gnu11;
				GCC_DYNAMIC_NO_PIC = NO;
				GCC_NO_COMMON_BLOCKS = YES;
				GCC_OPTIMIZATION_LEVEL = 0;
				GCC_PREPROCESSOR_DEFINITIONS = (
					"DEBUG=1",
					"$(inherited)",
				);
				GCC_WARN_64_TO_32_BIT_CONVERSION = YES;
				GCC_WARN_ABOUT_RETURN_TYPE = YES_ERROR;
				GCC_WARN_UNDECLARED_SELECTOR = YES;
				GCC_WARN_UNINITIALIZED_AUTOS = YES_AGGRESSIVE;
				GCC_WARN_UNUSED_FUNCTION = YES;
				GCC_WARN_UNUSED_VARIABLE = YES;
				IPHONEOS_DEPLOYMENT_TARGET = 14.5;
				MTL_ENABLE_DEBUG_INFO = INCLUDE_SOURCE;
				MTL_FAST_MATH = YES;
				ONLY_ACTIVE_ARCH = YES;
				SDKROOT = iphoneos;
				SWIFT_ACTIVE_COMPILATION_CONDITIONS = DEBUG;
				SWIFT_OPTIMIZATION_LEVEL = "-Onone";
			};
			name = Debug;
		};
		11B1307F26E93C2D00A5EA25 /* Release */ = {
			isa = XCBuildConfiguration;
			buildSettings = {
				ALWAYS_SEARCH_USER_PATHS = NO;
				CLANG_ANALYZER_NONNULL = YES;
				CLANG_ANALYZER_NUMBER_OBJECT_CONVERSION = YES_AGGRESSIVE;
				CLANG_CXX_LANGUAGE_STANDARD = "gnu++14";
				CLANG_CXX_LIBRARY = "libc++";
				CLANG_ENABLE_MODULES = YES;
				CLANG_ENABLE_OBJC_ARC = YES;
				CLANG_ENABLE_OBJC_WEAK = YES;
				CLANG_WARN_BLOCK_CAPTURE_AUTORELEASING = YES;
				CLANG_WARN_BOOL_CONVERSION = YES;
				CLANG_WARN_COMMA = YES;
				CLANG_WARN_CONSTANT_CONVERSION = YES;
				CLANG_WARN_DEPRECATED_OBJC_IMPLEMENTATIONS = YES;
				CLANG_WARN_DIRECT_OBJC_ISA_USAGE = YES_ERROR;
				CLANG_WARN_DOCUMENTATION_COMMENTS = YES;
				CLANG_WARN_EMPTY_BODY = YES;
				CLANG_WARN_ENUM_CONVERSION = YES;
				CLANG_WARN_INFINITE_RECURSION = YES;
				CLANG_WARN_INT_CONVERSION = YES;
				CLANG_WARN_NON_LITERAL_NULL_CONVERSION = YES;
				CLANG_WARN_OBJC_IMPLICIT_RETAIN_SELF = YES;
				CLANG_WARN_OBJC_LITERAL_CONVERSION = YES;
				CLANG_WARN_OBJC_ROOT_CLASS = YES_ERROR;
				CLANG_WARN_QUOTED_INCLUDE_IN_FRAMEWORK_HEADER = YES;
				CLANG_WARN_RANGE_LOOP_ANALYSIS = YES;
				CLANG_WARN_STRICT_PROTOTYPES = YES;
				CLANG_WARN_SUSPICIOUS_MOVE = YES;
				CLANG_WARN_UNGUARDED_AVAILABILITY = YES_AGGRESSIVE;
				CLANG_WARN_UNREACHABLE_CODE = YES;
				CLANG_WARN__DUPLICATE_METHOD_MATCH = YES;
				COPY_PHASE_STRIP = NO;
				DEBUG_INFORMATION_FORMAT = "dwarf-with-dsym";
				ENABLE_NS_ASSERTIONS = NO;
				ENABLE_STRICT_OBJC_MSGSEND = YES;
				GCC_C_LANGUAGE_STANDARD = gnu11;
				GCC_NO_COMMON_BLOCKS = YES;
				GCC_WARN_64_TO_32_BIT_CONVERSION = YES;
				GCC_WARN_ABOUT_RETURN_TYPE = YES_ERROR;
				GCC_WARN_UNDECLARED_SELECTOR = YES;
				GCC_WARN_UNINITIALIZED_AUTOS = YES_AGGRESSIVE;
				GCC_WARN_UNUSED_FUNCTION = YES;
				GCC_WARN_UNUSED_VARIABLE = YES;
				IPHONEOS_DEPLOYMENT_TARGET = 14.5;
				MTL_ENABLE_DEBUG_INFO = NO;
				MTL_FAST_MATH = YES;
				SDKROOT = iphoneos;
				SWIFT_COMPILATION_MODE = wholemodule;
				SWIFT_OPTIMIZATION_LEVEL = "-O";
				VALIDATE_PRODUCT = YES;
			};
			name = Release;
		};
		11B1308126E93C2D00A5EA25 /* Debug */ = {
			isa = XCBuildConfiguration;
			buildSettings = {
				ASSETCATALOG_COMPILER_APPICON_NAME = AppIcon;
				ASSETCATALOG_COMPILER_GLOBAL_ACCENT_COLOR_NAME = AccentColor;
				CODE_SIGN_STYLE = Automatic;
				DEVELOPMENT_TEAM = ZS8BG3AB6Y;
				INFOPLIST_FILE = "shortly-app-pcqaxx/Info.plist";
				LD_RUNPATH_SEARCH_PATHS = (
					"$(inherited)",
					"@executable_path/Frameworks",
				);
				PRODUCT_BUNDLE_IDENTIFIER = "com.kjoe.shortly-app-pcqaxx";
				PRODUCT_NAME = "$(TARGET_NAME)";
				SWIFT_VERSION = 5.0;
				TARGETED_DEVICE_FAMILY = "1,2";
			};
			name = Debug;
		};
		11B1308226E93C2D00A5EA25 /* Release */ = {
			isa = XCBuildConfiguration;
			buildSettings = {
				ASSETCATALOG_COMPILER_APPICON_NAME = AppIcon;
				ASSETCATALOG_COMPILER_GLOBAL_ACCENT_COLOR_NAME = AccentColor;
				CODE_SIGN_STYLE = Automatic;
				DEVELOPMENT_TEAM = ZS8BG3AB6Y;
				INFOPLIST_FILE = "shortly-app-pcqaxx/Info.plist";
				LD_RUNPATH_SEARCH_PATHS = (
					"$(inherited)",
					"@executable_path/Frameworks",
				);
				PRODUCT_BUNDLE_IDENTIFIER = "com.kjoe.shortly-app-pcqaxx";
				PRODUCT_NAME = "$(TARGET_NAME)";
				SWIFT_VERSION = 5.0;
				TARGETED_DEVICE_FAMILY = "1,2";
			};
			name = Release;
		};
/* End XCBuildConfiguration section */

/* Begin XCConfigurationList section */
		119F676626EF85E400BD81DB /* Build configuration list for PBXNativeTarget "shortly-app-pcqaxxTests" */ = {
			isa = XCConfigurationList;
			buildConfigurations = (
				119F676426EF85E400BD81DB /* Debug */,
				119F676526EF85E400BD81DB /* Release */,
			);
			defaultConfigurationIsVisible = 0;
			defaultConfigurationName = Release;
		};
		11B1306726E93C2C00A5EA25 /* Build configuration list for PBXProject "shortly-app-pcqaxx" */ = {
			isa = XCConfigurationList;
			buildConfigurations = (
				11B1307E26E93C2D00A5EA25 /* Debug */,
				11B1307F26E93C2D00A5EA25 /* Release */,
			);
			defaultConfigurationIsVisible = 0;
			defaultConfigurationName = Release;
		};
		11B1308026E93C2D00A5EA25 /* Build configuration list for PBXNativeTarget "shortly-app-pcqaxx" */ = {
			isa = XCConfigurationList;
			buildConfigurations = (
				11B1308126E93C2D00A5EA25 /* Debug */,
				11B1308226E93C2D00A5EA25 /* Release */,
			);
			defaultConfigurationIsVisible = 0;
			defaultConfigurationName = Release;
		};
/* End XCConfigurationList section */

/* Begin XCRemoteSwiftPackageReference section */
		115066FE26EED9E6002EA8F5 /* XCRemoteSwiftPackageReference "IQKeyboardManager" */ = {
			isa = XCRemoteSwiftPackageReference;
			repositoryURL = "https://github.com/hackiftekhar/IQKeyboardManager.git";
			requirement = {
				kind = upToNextMajorVersion;
				minimumVersion = 6.5.6;
			};
		};
		119F676A26EFAB6400BD81DB /* XCRemoteSwiftPackageReference "ActivityIndicator" */ = {
			isa = XCRemoteSwiftPackageReference;
			repositoryURL = "https://github.com/kjoe07/ActivityIndicator.git";
			requirement = {
				branch = master;
				kind = branch;
			};
		};
/* End XCRemoteSwiftPackageReference section */

/* Begin XCSwiftPackageProductDependency section */
		115066FF26EED9E6002EA8F5 /* IQKeyboardManagerSwift */ = {
			isa = XCSwiftPackageProductDependency;
			package = 115066FE26EED9E6002EA8F5 /* XCRemoteSwiftPackageReference "IQKeyboardManager" */;
			productName = IQKeyboardManagerSwift;
		};
		119F676B26EFAB6400BD81DB /* ActivityIndicator */ = {
			isa = XCSwiftPackageProductDependency;
			package = 119F676A26EFAB6400BD81DB /* XCRemoteSwiftPackageReference "ActivityIndicator" */;
			productName = ActivityIndicator;
		};
/* End XCSwiftPackageProductDependency section */

/* Begin XCVersionGroup section */
		117FFC1026EEA06D00ADC9F3 /* ShortUrl.xcdatamodeld */ = {
			isa = XCVersionGroup;
			children = (
				117FFC1126EEA06D00ADC9F3 /* ShortUrl.xcdatamodel */,
			);
			currentVersion = 117FFC1126EEA06D00ADC9F3 /* ShortUrl.xcdatamodel */;
			path = ShortUrl.xcdatamodeld;
			sourceTree = "<group>";
			versionGroupType = wrapper.xcdatamodel;
		};
/* End XCVersionGroup section */
	};
	rootObject = 11B1306426E93C2C00A5EA25 /* Project object */;
}
